
Microsoft Visual Studio Solution File, Format Version 12.00
# Visual Studio Version 17
VisualStudioVersion = 17.8.34511.84
MinimumVisualStudioVersion = 10.0.40219.1
Project("{FAE04EC0-301F-11D3-BF4B-00C04F79EFBC}") = "CyberConstructor_RevitAPI PlayGround", "CyberConstructor_RevitAPI PlayGround\CyberConstructor_RevitAPI PlayGround.csproj", "{66446875-652A-4914-851C-193B454A6D5B}"
EndProject
Global
	GlobalSection(SolutionConfigurationPlatforms) = preSolution
		Debug|Any CPU = Debug|Any CPU
		Release|Any CPU = Release|Any CPU
	EndGlobalSection
	GlobalSection(ProjectConfigurationPlatforms) = postSolution
		{66446875-652A-4914-851C-193B454A6D5B}.Debug|Any CPU.ActiveCfg = Debug|Any CPU
		{66446875-652A-4914-851C-193B454A6D5B}.Debug|Any CPU.Build.0 = Debug|Any CPU
		{66446875-652A-4914-851C-193B454A6D5B}.Release|Any CPU.ActiveCfg = Release|Any CPU
		{66446875-652A-4914-851C-193B454A6D5B}.Release|Any CPU.Build.0 = Release|Any CPU
	EndGlobalSection
	GlobalSection(SolutionProperties) = preSolution
		HideSolutionNode = FALSE
	EndGlobalSection
	GlobalSection(ExtensibilityGlobals) = postSolution
		SolutionGuid = {29BCDCF0-80C2-4E01-9A62-976DCFF53593}
	EndGlobalSection
EndGlobal
